
Microsoft Visual Studio Solution File, Format Version 12.00
# Visual Studio Version 16
VisualStudioVersion = 16.0.28803.352
MinimumVisualStudioVersion = 10.0.40219.1
Project("{9A19103F-16F7-4668-BE54-9A1E7A4F7556}") = "PermutationsV1", "Permutations\PermutationsV1.csproj", "{72471FF1-074D-42CC-9455-A9D4664B6C03}"
EndProject
Project("{9A19103F-16F7-4668-BE54-9A1E7A4F7556}") = "PermutationV2", "PermutationV2\PermutationV2.csproj", "{5977A7C7-6056-4D06-8274-428F2E9F1468}"
EndProject
Project("{9A19103F-16F7-4668-BE54-9A1E7A4F7556}") = "GeneratingCombinations", "GeneratingCombinations\GeneratingCombinations.csproj", "{FD7014FE-48D7-4082-BA4D-1CE8C920BD34}"
EndProject
Project("{9A19103F-16F7-4668-BE54-9A1E7A4F7556}") = "8Qeens", "8Qeens\8Qeens.csproj", "{FDBCA654-1177-4887-95B4-9E6DBD247E6F}"
EndProject
Project("{9A19103F-16F7-4668-BE54-9A1E7A4F7556}") = "CopyDirectoryRekursiv", "CopyDirectoryRekursiv\CopyDirectoryRekursiv.csproj", "{F537732B-09C5-4208-AE8B-26BA34C702B7}"
EndProject
Project("{FAE04EC0-301F-11D3-BF4B-00C04F79EFBC}") = "Matrix-GausElemination", "Matrix-GausElemination\Matrix-GausElemination.csproj", "{48FAF45C-6291-4102-90C7-75531CDD7C0F}"
EndProject
Global
	GlobalSection(SolutionConfigurationPlatforms) = preSolution
		Debug|Any CPU = Debug|Any CPU
		Release|Any CPU = Release|Any CPU
	EndGlobalSection
	GlobalSection(ProjectConfigurationPlatforms) = postSolution
		{72471FF1-074D-42CC-9455-A9D4664B6C03}.Debug|Any CPU.ActiveCfg = Debug|Any CPU
		{72471FF1-074D-42CC-9455-A9D4664B6C03}.Debug|Any CPU.Build.0 = Debug|Any CPU
		{72471FF1-074D-42CC-9455-A9D4664B6C03}.Release|Any CPU.ActiveCfg = Release|Any CPU
		{72471FF1-074D-42CC-9455-A9D4664B6C03}.Release|Any CPU.Build.0 = Release|Any CPU
		{5977A7C7-6056-4D06-8274-428F2E9F1468}.Debug|Any CPU.ActiveCfg = Debug|Any CPU
		{5977A7C7-6056-4D06-8274-428F2E9F1468}.Debug|Any CPU.Build.0 = Debug|Any CPU
		{5977A7C7-6056-4D06-8274-428F2E9F1468}.Release|Any CPU.ActiveCfg = Release|Any CPU
		{5977A7C7-6056-4D06-8274-428F2E9F1468}.Release|Any CPU.Build.0 = Release|Any CPU
		{FD7014FE-48D7-4082-BA4D-1CE8C920BD34}.Debug|Any CPU.ActiveCfg = Debug|Any CPU
		{FD7014FE-48D7-4082-BA4D-1CE8C920BD34}.Debug|Any CPU.Build.0 = Debug|Any CPU
		{FD7014FE-48D7-4082-BA4D-1CE8C920BD34}.Release|Any CPU.ActiveCfg = Release|Any CPU
		{FD7014FE-48D7-4082-BA4D-1CE8C920BD34}.Release|Any CPU.Build.0 = Release|Any CPU
		{FDBCA654-1177-4887-95B4-9E6DBD247E6F}.Debug|Any CPU.ActiveCfg = Debug|Any CPU
		{FDBCA654-1177-4887-95B4-9E6DBD247E6F}.Debug|Any CPU.Build.0 = Debug|Any CPU
		{FDBCA654-1177-4887-95B4-9E6DBD247E6F}.Release|Any CPU.ActiveCfg = Release|Any CPU
		{FDBCA654-1177-4887-95B4-9E6DBD247E6F}.Release|Any CPU.Build.0 = Release|Any CPU
		{F537732B-09C5-4208-AE8B-26BA34C702B7}.Debug|Any CPU.ActiveCfg = Debug|Any CPU
		{F537732B-09C5-4208-AE8B-26BA34C702B7}.Debug|Any CPU.Build.0 = Debug|Any CPU
		{F537732B-09C5-4208-AE8B-26BA34C702B7}.Release|Any CPU.ActiveCfg = Release|Any CPU
		{F537732B-09C5-4208-AE8B-26BA34C702B7}.Release|Any CPU.Build.0 = Release|Any CPU
		{48FAF45C-6291-4102-90C7-75531CDD7C0F}.Debug|Any CPU.ActiveCfg = Debug|Any CPU
		{48FAF45C-6291-4102-90C7-75531CDD7C0F}.Debug|Any CPU.Build.0 = Debug|Any CPU
		{48FAF45C-6291-4102-90C7-75531CDD7C0F}.Release|Any CPU.ActiveCfg = Release|Any CPU
		{48FAF45C-6291-4102-90C7-75531CDD7C0F}.Release|Any CPU.Build.0 = Release|Any CPU
	EndGlobalSection
	GlobalSection(SolutionProperties) = preSolution
		HideSolutionNode = FALSE
	EndGlobalSection
	GlobalSection(ExtensibilityGlobals) = postSolution
		SolutionGuid = {29228801-019C-4DA1-9C8E-BB79811321E3}
	EndGlobalSection
EndGlobal
